// !$*UTF8*$!
{
	archiveVersion = 1;
	classes = {
	};
	objectVersion = 46;
	objects = {

/* Begin PBXBuildFile section */
		D91513D51F68D7800057E006 /* fstreamFile.cpp in Sources */ = {isa = PBXBuildFile; fileRef = D91513C21F68D77F0057E006 /* fstreamFile.cpp */; };
		D91513D61F68D7800057E006 /* simpleIo.cpp in Sources */ = {isa = PBXBuildFile; fileRef = D91513C41F68D77F0057E006 /* simpleIo.cpp */; };
		D91513D71F68D7800057E006 /* Encryption.cpp in Sources */ = {isa = PBXBuildFile; fileRef = D91513C61F68D77F0057E006 /* Encryption.cpp */; };
		D91513D81F68D7800057E006 /* Stack.cpp in Sources */ = {isa = PBXBuildFile; fileRef = D91513C81F68D7800057E006 /* Stack.cpp */; };
		D91513D91F68D7800057E006 /* TimeRemainder.cpp in Sources */ = {isa = PBXBuildFile; fileRef = D91513CA1F68D7800057E006 /* TimeRemainder.cpp */; };
		D91513DA1F68D7800057E006 /* Dic.cpp in Sources */ = {isa = PBXBuildFile; fileRef = D91513CC1F68D7800057E006 /* Dic.cpp */; };
		D91513DB1F68D7800057E006 /* List.cpp in Sources */ = {isa = PBXBuildFile; fileRef = D91513CD1F68D7800057E006 /* List.cpp */; };
		D91513DC1F68D7800057E006 /* Node.cpp in Sources */ = {isa = PBXBuildFile; fileRef = D91513CE1F68D7800057E006 /* Node.cpp */; };
		D91513DD1F68D7800057E006 /* Tag.cpp in Sources */ = {isa = PBXBuildFile; fileRef = D91513D21F68D7800057E006 /* Tag.cpp */; };
		D91513DE1F68D7800057E006 /* main.cpp in Sources */ = {isa = PBXBuildFile; fileRef = D91513D41F68D7800057E006 /* main.cpp */; };
/* End PBXBuildFile section */

/* Begin PBXCopyFilesBuildPhase section */
		D96C48971F66341E0079EDBC /* CopyFiles */ = {
			isa = PBXCopyFilesBuildPhase;
			buildActionMask = 2147483647;
			dstPath = /usr/share/man/man1/;
			dstSubfolderSpec = 0;
			files = (
			);
			runOnlyForDeploymentPostprocessing = 1;
		};
/* End PBXCopyFilesBuildPhase section */

/* Begin PBXFileReference section */
		D91513C21F68D77F0057E006 /* fstreamFile.cpp */ = {isa = PBXFileReference; fileEncoding = 4; lastKnownFileType = sourcecode.cpp.cpp; name = fstreamFile.cpp; path = smartinote/test/fstreamFile.cpp; sourceTree = "<group>"; };
		D91513C31F68D77F0057E006 /* fstreamFile.hpp */ = {isa = PBXFileReference; fileEncoding = 4; lastKnownFileType = sourcecode.cpp.h; name = fstreamFile.hpp; path = smartinote/test/fstreamFile.hpp; sourceTree = "<group>"; };
		D91513C41F68D77F0057E006 /* simpleIo.cpp */ = {isa = PBXFileReference; fileEncoding = 4; lastKnownFileType = sourcecode.cpp.cpp; name = simpleIo.cpp; path = smartinote/main/lib/io/simpleIo.cpp; sourceTree = "<group>"; };
		D91513C51F68D77F0057E006 /* simpleIo.hpp */ = {isa = PBXFileReference; fileEncoding = 4; lastKnownFileType = sourcecode.cpp.h; name = simpleIo.hpp; path = smartinote/main/lib/io/simpleIo.hpp; sourceTree = "<group>"; };
		D91513C61F68D77F0057E006 /* Encryption.cpp */ = {isa = PBXFileReference; fileEncoding = 4; lastKnownFileType = sourcecode.cpp.cpp; name = Encryption.cpp; path = smartinote/main/lib/io/Encryption.cpp; sourceTree = "<group>"; };
		D91513C71F68D77F0057E006 /* Encryption.hpp */ = {isa = PBXFileReference; fileEncoding = 4; lastKnownFileType = sourcecode.cpp.h; name = Encryption.hpp; path = smartinote/main/lib/io/Encryption.hpp; sourceTree = "<group>"; };
		D91513C81F68D7800057E006 /* Stack.cpp */ = {isa = PBXFileReference; fileEncoding = 4; lastKnownFileType = sourcecode.cpp.cpp; name = Stack.cpp; path = smartinote/main/lib/collections/Stack.cpp; sourceTree = "<group>"; };
		D91513C91F68D7800057E006 /* Stack.hpp */ = {isa = PBXFileReference; fileEncoding = 4; lastKnownFileType = sourcecode.cpp.h; name = Stack.hpp; path = smartinote/main/lib/collections/Stack.hpp; sourceTree = "<group>"; };
		D91513CA1F68D7800057E006 /* TimeRemainder.cpp */ = {isa = PBXFileReference; fileEncoding = 4; lastKnownFileType = sourcecode.cpp.cpp; name = TimeRemainder.cpp; path = smartinote/main/lib/time/TimeRemainder.cpp; sourceTree = "<group>"; };
		D91513CB1F68D7800057E006 /* TimeRemainder.hpp */ = {isa = PBXFileReference; fileEncoding = 4; lastKnownFileType = sourcecode.cpp.h; name = TimeRemainder.hpp; path = smartinote/main/lib/time/TimeRemainder.hpp; sourceTree = "<group>"; };
		D91513CC1F68D7800057E006 /* Dic.cpp */ = {isa = PBXFileReference; fileEncoding = 4; lastKnownFileType = sourcecode.cpp.cpp; name = Dic.cpp; path = smartinote/main/Dic.cpp; sourceTree = "<group>"; };
		D91513CD1F68D7800057E006 /* List.cpp */ = {isa = PBXFileReference; fileEncoding = 4; lastKnownFileType = sourcecode.cpp.cpp; name = List.cpp; path = smartinote/main/List.cpp; sourceTree = "<group>"; };
		D91513CE1F68D7800057E006 /* Node.cpp */ = {isa = PBXFileReference; fileEncoding = 4; lastKnownFileType = sourcecode.cpp.cpp; name = Node.cpp; path = smartinote/main/Node.cpp; sourceTree = "<group>"; };
		D91513CF1F68D7800057E006 /* Dic.hpp */ = {isa = PBXFileReference; fileEncoding = 4; lastKnownFileType = sourcecode.cpp.h; name = Dic.hpp; path = smartinote/main/Dic.hpp; sourceTree = "<group>"; };
		D91513D01F68D7800057E006 /* Node.h */ = {isa = PBXFileReference; fileEncoding = 4; lastKnownFileType = sourcecode.c.h; name = Node.h; path = smartinote/main/Node.h; sourceTree = "<group>"; };
		D91513D11F68D7800057E006 /* List.h */ = {isa = PBXFileReference; fileEncoding = 4; lastKnownFileType = sourcecode.c.h; name = List.h; path = smartinote/main/List.h; sourceTree = "<group>"; };
		D91513D21F68D7800057E006 /* Tag.cpp */ = {isa = PBXFileReference; fileEncoding = 4; lastKnownFileType = sourcecode.cpp.cpp; name = Tag.cpp; path = smartinote/main/Tag.cpp; sourceTree = "<group>"; };
		D91513D31F68D7800057E006 /* Tag.hpp */ = {isa = PBXFileReference; fileEncoding = 4; lastKnownFileType = sourcecode.cpp.h; name = Tag.hpp; path = smartinote/main/Tag.hpp; sourceTree = "<group>"; };
		D91513D41F68D7800057E006 /* main.cpp */ = {isa = PBXFileReference; fileEncoding = 4; lastKnownFileType = sourcecode.cpp.cpp; name = main.cpp; path = smartinote/main.cpp; sourceTree = "<group>"; };
		D96C48991F66341E0079EDBC /* smartinote */ = {isa = PBXFileReference; explicitFileType = "compiled.mach-o.executable"; includeInIndex = 0; path = smartinote; sourceTree = BUILT_PRODUCTS_DIR; };
/* End PBXFileReference section */

/* Begin PBXFrameworksBuildPhase section */
		D96C48961F66341E0079EDBC /* Frameworks */ = {
			isa = PBXFrameworksBuildPhase;
			buildActionMask = 2147483647;
			files = (
			);
			runOnlyForDeploymentPostprocessing = 0;
		};
/* End PBXFrameworksBuildPhase section */

/* Begin PBXGroup section */
		D96C48901F66341E0079EDBC = {
			isa = PBXGroup;
			children = (
				D91513C21F68D77F0057E006 /* fstreamFile.cpp */,
				D91513C31F68D77F0057E006 /* fstreamFile.hpp */,
				D91513C41F68D77F0057E006 /* simpleIo.cpp */,
				D91513C51F68D77F0057E006 /* simpleIo.hpp */,
				D91513C61F68D77F0057E006 /* Encryption.cpp */,
				D91513C71F68D77F0057E006 /* Encryption.hpp */,
				D91513C81F68D7800057E006 /* Stack.cpp */,
				D91513C91F68D7800057E006 /* Stack.hpp */,
				D91513CA1F68D7800057E006 /* TimeRemainder.cpp */,
				D91513CB1F68D7800057E006 /* TimeRemainder.hpp */,
				D91513CC1F68D7800057E006 /* Dic.cpp */,
				D91513CD1F68D7800057E006 /* List.cpp */,
				D91513CE1F68D7800057E006 /* Node.cpp */,
				D91513CF1F68D7800057E006 /* Dic.hpp */,
				D91513D01F68D7800057E006 /* Node.h */,
				D91513D11F68D7800057E006 /* List.h */,
				D91513D21F68D7800057E006 /* Tag.cpp */,
				D91513D31F68D7800057E006 /* Tag.hpp */,
				D91513D41F68D7800057E006 /* main.cpp */,
				D96C489A1F66341E0079EDBC /* Products */,
			);
			sourceTree = "<group>";
		};
		D96C489A1F66341E0079EDBC /* Products */ = {
			isa = PBXGroup;
			children = (
				D96C48991F66341E0079EDBC /* smartinote */,
			);
			name = Products;
			sourceTree = "<group>";
		};
/* End PBXGroup section */

/* Begin PBXNativeTarget section */
		D96C48981F66341E0079EDBC /* smartinote */ = {
			isa = PBXNativeTarget;
			buildConfigurationList = D96C48A01F66341E0079EDBC /* Build configuration list for PBXNativeTarget "smartinote" */;
			buildPhases = (
				D96C48951F66341E0079EDBC /* Sources */,
				D96C48961F66341E0079EDBC /* Frameworks */,
				D96C48971F66341E0079EDBC /* CopyFiles */,
			);
			buildRules = (
			);
			dependencies = (
			);
			name = smartinote;
			productName = smartinote;
			productReference = D96C48991F66341E0079EDBC /* smartinote */;
			productType = "com.apple.product-type.tool";
		};
/* End PBXNativeTarget section */

/* Begin PBXProject section */
		D96C48911F66341E0079EDBC /* Project object */ = {
			isa = PBXProject;
			attributes = {
				LastUpgradeCheck = 0830;
				ORGANIZATIONNAME = JayeWang;
				TargetAttributes = {
					D96C48981F66341E0079EDBC = {
						CreatedOnToolsVersion = 8.3.3;
						ProvisioningStyle = Automatic;
					};
				};
			};
			buildConfigurationList = D96C48941F66341E0079EDBC /* Build configuration list for PBXProject "smartinote" */;
			compatibilityVersion = "Xcode 3.2";
			developmentRegion = English;
			hasScannedForEncodings = 0;
			knownRegions = (
				en,
			);
			mainGroup = D96C48901F66341E0079EDBC;
			productRefGroup = D96C489A1F66341E0079EDBC /* Products */;
			projectDirPath = "";
			projectRoot = "";
			targets = (
				D96C48981F66341E0079EDBC /* smartinote */,
			);
		};
/* End PBXProject section */

/* Begin PBXSourcesBuildPhase section */
		D96C48951F66341E0079EDBC /* Sources */ = {
			isa = PBXSourcesBuildPhase;
			buildActionMask = 2147483647;
			files = (
				D91513DB1F68D7800057E006 /* List.cpp in Sources */,
				D91513DA1F68D7800057E006 /* Dic.cpp in Sources */,
				D91513D81F68D7800057E006 /* Stack.cpp in Sources */,
				D91513D91F68D7800057E006 /* TimeRemainder.cpp in Sources */,
				D91513D51F68D7800057E006 /* fstreamFile.cpp in Sources */,
				D91513D61F68D7800057E006 /* simpleIo.cpp in Sources */,
				D91513DD1F68D7800057E006 /* Tag.cpp in Sources */,
				D91513D71F68D7800057E006 /* Encryption.cpp in Sources */,
				D91513DE1F68D7800057E006 /* main.cpp in Sources */,
				D91513DC1F68D7800057E006 /* Node.cpp in Sources */,
			);
			runOnlyForDeploymentPostprocessing = 0;
		};
/* End PBXSourcesBuildPhase section */

/* Begin XCBuildConfiguration section */
		D96C489E1F66341E0079EDBC /* Debug */ = {
			isa = XCBuildConfiguration;
			buildSettings = {
				ALWAYS_SEARCH_USER_PATHS = NO;
				CLANG_ANALYZER_NONNULL = YES;
				CLANG_ANALYZER_NUMBER_OBJECT_CONVERSION = YES_AGGRESSIVE;
				CLANG_CXX_LANGUAGE_STANDARD = "gnu++0x";
				CLANG_CXX_LIBRARY = "libc++";
				CLANG_ENABLE_MODULES = YES;
				CLANG_ENABLE_OBJC_ARC = YES;
				CLANG_WARN_BOOL_CONVERSION = YES;
				CLANG_WARN_CONSTANT_CONVERSION = YES;
				CLANG_WARN_DIRECT_OBJC_ISA_USAGE = YES_ERROR;
				CLANG_WARN_DOCUMENTATION_COMMENTS = YES;
				CLANG_WARN_EMPTY_BODY = YES;
				CLANG_WARN_ENUM_CONVERSION = YES;
				CLANG_WARN_INFINITE_RECURSION = YES;
				CLANG_WARN_INT_CONVERSION = YES;
				CLANG_WARN_OBJC_ROOT_CLASS = YES_ERROR;
				CLANG_WARN_SUSPICIOUS_MOVE = YES;
				CLANG_WARN_UNREACHABLE_CODE = YES;
				CLANG_WARN__DUPLICATE_METHOD_MATCH = YES;
				CODE_SIGN_IDENTITY = "-";
				COPY_PHASE_STRIP = NO;
				DEBUG_INFORMATION_FORMAT = dwarf;
				ENABLE_STRICT_OBJC_MSGSEND = YES;
				ENABLE_TESTABILITY = YES;
				GCC_C_LANGUAGE_STANDARD = gnu99;
				GCC_DYNAMIC_NO_PIC = NO;
				GCC_NO_COMMON_BLOCKS = YES;
				GCC_OPTIMIZATION_LEVEL = 0;
				GCC_PREPROCESSOR_DEFINITIONS = (
					"DEBUG=1",
					"$(inherited)",
				);
				GCC_WARN_64_TO_32_BIT_CONVERSION = YES;
				GCC_WARN_ABOUT_RETURN_TYPE = YES_ERROR;
				GCC_WARN_UNDECLARED_SELECTOR = YES;
				GCC_WARN_UNINITIALIZED_AUTOS = YES_AGGRESSIVE;
				GCC_WARN_UNUSED_FUNCTION = YES;
				GCC_WARN_UNUSED_VARIABLE = YES;
				MACOSX_DEPLOYMENT_TARGET = 10.12;
				MTL_ENABLE_DEBUG_INFO = YES;
				ONLY_ACTIVE_ARCH = YES;
				SDKROOT = macosx;
			};
			name = Debug;
		};
		D96C489F1F66341E0079EDBC /* Release */ = {
			isa = XCBuildConfiguration;
			buildSettings = {
				ALWAYS_SEARCH_USER_PATHS = NO;
				CLANG_ANALYZER_NONNULL = YES;
				CLANG_ANALYZER_NUMBER_OBJECT_CONVERSION = YES_AGGRESSIVE;
				CLANG_CXX_LANGUAGE_STANDARD = "gnu++0x";
				CLANG_CXX_LIBRARY = "libc++";
				CLANG_ENABLE_MODULES = YES;
				CLANG_ENABLE_OBJC_ARC = YES;
				CLANG_WARN_BOOL_CONVERSION = YES;
				CLANG_WARN_CONSTANT_CONVERSION = YES;
				CLANG_WARN_DIRECT_OBJC_ISA_USAGE = YES_ERROR;
				CLANG_WARN_DOCUMENTATION_COMMENTS = YES;
				CLANG_WARN_EMPTY_BODY = YES;
				CLANG_WARN_ENUM_CONVERSION = YES;
				CLANG_WARN_INFINITE_RECURSION = YES;
				CLANG_WARN_INT_CONVERSION = YES;
				CLANG_WARN_OBJC_ROOT_CLASS = YES_ERROR;
				CLANG_WARN_SUSPICIOUS_MOVE = YES;
				CLANG_WARN_UNREACHABLE_CODE = YES;
				CLANG_WARN__DUPLICATE_METHOD_MATCH = YES;
				CODE_SIGN_IDENTITY = "-";
				COPY_PHASE_STRIP = NO;
				DEBUG_INFORMATION_FORMAT = "dwarf-with-dsym";
				ENABLE_NS_ASSERTIONS = NO;
				ENABLE_STRICT_OBJC_MSGSEND = YES;
				GCC_C_LANGUAGE_STANDARD = gnu99;
				GCC_NO_COMMON_BLOCKS = YES;
				GCC_WARN_64_TO_32_BIT_CONVERSION = YES;
				GCC_WARN_ABOUT_RETURN_TYPE = YES_ERROR;
				GCC_WARN_UNDECLARED_SELECTOR = YES;
				GCC_WARN_UNINITIALIZED_AUTOS = YES_AGGRESSIVE;
				GCC_WARN_UNUSED_FUNCTION = YES;
				GCC_WARN_UNUSED_VARIABLE = YES;
				MACOSX_DEPLOYMENT_TARGET = 10.12;
				MTL_ENABLE_DEBUG_INFO = NO;
				SDKROOT = macosx;
			};
			name = Release;
		};
		D96C48A11F66341E0079EDBC /* Debug */ = {
			isa = XCBuildConfiguration;
			buildSettings = {
				PRODUCT_NAME = "$(TARGET_NAME)";
			};
			name = Debug;
		};
		D96C48A21F66341E0079EDBC /* Release */ = {
			isa = XCBuildConfiguration;
			buildSettings = {
				PRODUCT_NAME = "$(TARGET_NAME)";
			};
			name = Release;
		};
/* End XCBuildConfiguration section */

/* Begin XCConfigurationList section */
		D96C48941F66341E0079EDBC /* Build configuration list for PBXProject "smartinote" */ = {
			isa = XCConfigurationList;
			buildConfigurations = (
				D96C489E1F66341E0079EDBC /* Debug */,
				D96C489F1F66341E0079EDBC /* Release */,
			);
			defaultConfigurationIsVisible = 0;
			defaultConfigurationName = Release;
		};
		D96C48A01F66341E0079EDBC /* Build configuration list for PBXNativeTarget "smartinote" */ = {
			isa = XCConfigurationList;
			buildConfigurations = (
				D96C48A11F66341E0079EDBC /* Debug */,
				D96C48A21F66341E0079EDBC /* Release */,
			);
			defaultConfigurationIsVisible = 0;
			defaultConfigurationName = Release;
		};
/* End XCConfigurationList section */
	};
	rootObject = D96C48911F66341E0079EDBC /* Project object */;
}
